
Microsoft Visual Studio Solution File, Format Version 12.00
# Visual Studio Version 17
VisualStudioVersion = 17.9.34701.34
MinimumVisualStudioVersion = 10.0.40219.1
Project("{FAE04EC0-301F-11D3-BF4B-00C04F79EFBC}") = "LunchTotals", "LunchTotals.csproj", "{F467DAA9-7154-42FC-8DCF-A4EC0FE525EF}"
EndProject
Global
	GlobalSection(SolutionConfigurationPlatforms) = preSolution
		Debug|Any CPU = Debug|Any CPU
		Release|Any CPU = Release|Any CPU
	EndGlobalSection
	GlobalSection(ProjectConfigurationPlatforms) = postSolution
		{F467DAA9-7154-42FC-8DCF-A4EC0FE525EF}.Debug|Any CPU.ActiveCfg = Debug|Any CPU
		{F467DAA9-7154-42FC-8DCF-A4EC0FE525EF}.Debug|Any CPU.Build.0 = Debug|Any CPU
		{F467DAA9-7154-42FC-8DCF-A4EC0FE525EF}.Release|Any CPU.ActiveCfg = Release|Any CPU
		{F467DAA9-7154-42FC-8DCF-A4EC0FE525EF}.Release|Any CPU.Build.0 = Release|Any CPU
	EndGlobalSection
	GlobalSection(SolutionProperties) = preSolution
		HideSolutionNode = FALSE
	EndGlobalSection
	GlobalSection(ExtensibilityGlobals) = postSolution
		SolutionGuid = {AD9AB06A-B2F9-499F-8E80-1C94630B8946}
	EndGlobalSection
EndGlobal
