
Microsoft Visual Studio Solution File, Format Version 12.00
# Visual Studio 15
VisualStudioVersion = 15.0.28010.2026
MinimumVisualStudioVersion = 10.0.40219.1
Project("{FAE04EC0-301F-11D3-BF4B-00C04F79EFBC}") = "NumberTheorySuite", "NumberTheorySuite\NumberTheorySuite.csproj", "{A9DE703F-20AD-4753-AFDD-C13A79806A71}"
EndProject
Global
	GlobalSection(SolutionConfigurationPlatforms) = preSolution
		Debug|Any CPU = Debug|Any CPU
		Release|Any CPU = Release|Any CPU
	EndGlobalSection
	GlobalSection(ProjectConfigurationPlatforms) = postSolution
		{A9DE703F-20AD-4753-AFDD-C13A79806A71}.Debug|Any CPU.ActiveCfg = Debug|Any CPU
		{A9DE703F-20AD-4753-AFDD-C13A79806A71}.Debug|Any CPU.Build.0 = Debug|Any CPU
		{A9DE703F-20AD-4753-AFDD-C13A79806A71}.Release|Any CPU.ActiveCfg = Release|Any CPU
		{A9DE703F-20AD-4753-AFDD-C13A79806A71}.Release|Any CPU.Build.0 = Release|Any CPU
	EndGlobalSection
	GlobalSection(SolutionProperties) = preSolution
		HideSolutionNode = FALSE
	EndGlobalSection
	GlobalSection(ExtensibilityGlobals) = postSolution
		SolutionGuid = {85F35C10-49B5-48A9-B4A2-5215CEBEE0E3}
	EndGlobalSection
EndGlobal
