
Microsoft Visual Studio Solution File, Format Version 12.00
# Visual Studio 15
VisualStudioVersion = 15.0.28010.2026
MinimumVisualStudioVersion = 10.0.40219.1
Project("{FAE04EC0-301F-11D3-BF4B-00C04F79EFBC}") = "RandomChanceSuite", "RandomChanceSuite\RandomChanceSuite.csproj", "{38B89FFF-1469-41C0-AAFE-79EDC312FC86}"
EndProject
Global
	GlobalSection(SolutionConfigurationPlatforms) = preSolution
		Debug|Any CPU = Debug|Any CPU
		Release|Any CPU = Release|Any CPU
	EndGlobalSection
	GlobalSection(ProjectConfigurationPlatforms) = postSolution
		{38B89FFF-1469-41C0-AAFE-79EDC312FC86}.Debug|Any CPU.ActiveCfg = Debug|Any CPU
		{38B89FFF-1469-41C0-AAFE-79EDC312FC86}.Debug|Any CPU.Build.0 = Debug|Any CPU
		{38B89FFF-1469-41C0-AAFE-79EDC312FC86}.Release|Any CPU.ActiveCfg = Release|Any CPU
		{38B89FFF-1469-41C0-AAFE-79EDC312FC86}.Release|Any CPU.Build.0 = Release|Any CPU
	EndGlobalSection
	GlobalSection(SolutionProperties) = preSolution
		HideSolutionNode = FALSE
	EndGlobalSection
	GlobalSection(ExtensibilityGlobals) = postSolution
		SolutionGuid = {0C357FE5-D37D-46BC-AB96-3A3DC6554399}
	EndGlobalSection
EndGlobal
